
Microsoft Visual Studio Solution File, Format Version 12.00
# Visual Studio 2017
Project("{FAE04EC0-301F-11D3-BF4B-00C04F79EFBC}") = "UnityProject001", "UnityProject001.csproj", "{A7E50D3B-BAC6-374D-C676-67D471FEDDC7}"
EndProject
Global
	GlobalSection(SolutionConfigurationPlatforms) = preSolution
		Debug|Any CPU = Debug|Any CPU
		Release|Any CPU = Release|Any CPU
	EndGlobalSection
	GlobalSection(ProjectConfigurationPlatforms) = postSolution
		{A7E50D3B-BAC6-374D-C676-67D471FEDDC7}.Debug|Any CPU.ActiveCfg = Debug|Any CPU
		{A7E50D3B-BAC6-374D-C676-67D471FEDDC7}.Debug|Any CPU.Build.0 = Debug|Any CPU
		{A7E50D3B-BAC6-374D-C676-67D471FEDDC7}.Release|Any CPU.ActiveCfg = Release|Any CPU
		{A7E50D3B-BAC6-374D-C676-67D471FEDDC7}.Release|Any CPU.Build.0 = Release|Any CPU
	EndGlobalSection
	GlobalSection(SolutionProperties) = preSolution
		HideSolutionNode = FALSE
	EndGlobalSection
EndGlobal
